<?xml version="1.0" encoding="UTF-8" standalone="yes" ?>
<CodeBlocks_project_file>
	<FileVersion major="1" minor="6" />
	<Project>
		<Option title="siva" />
		<Option pch_mode="2" />
		<Option compiler="gcc" />
		<Option virtualFolders="function\;animation\;obj\;" />
		<Build>
			<Target title="Debug">
				<Option output="bin/Debug/siva" prefix_auto="1" extension_auto="1" />
				<Option object_output="obj/Debug/" />
				<Option type="1" />
				<Option compiler="gcc" />
				<Compiler>
					<Add option="-g" />
					<Add option="-std=c99" />
				</Compiler>
			</Target>
			<Target title="Release">
				<Option output="bin/Release/siva" prefix_auto="1" extension_auto="1" />
				<Option object_output="obj/Release/" />
				<Option type="0" />
				<Option compiler="gcc" />
				<Compiler>
					<Add option="-O2" />
					<Add option="-std=c99" />
				</Compiler>
				<Linker>
					<Add option="-s" />
				</Linker>
			</Target>
		</Build>
		<Compiler>
			<Add option="-Wall" />
			<Add directory="$(#sdl.include)" />
		</Compiler>
		<Linker>
			<Add library="mingw32" />
			<Add library="SDLmain" />
			<Add library="SDL.dll" />
			<Add library="user32" />
			<Add library="gdi32" />
			<Add library="winmm" />
			<Add library="dxguid" />
			<Add library="SDL_gfx" />
			<Add library="SDL_ttf" />
			<Add library="SDL_image" />
			<Add directory="$(#sdl.lib)" />
		</Linker>
		<Unit filename="animation.h">
			<Option virtualFolder="animation/" />
		</Unit>
		<Unit filename="ball.c">
			<Option compilerVar="CC" />
			<Option virtualFolder="animation/" />
		</Unit>
		<Unit filename="bouble.c">
			<Option compilerVar="CC" />
			<Option virtualFolder="animation/" />
		</Unit>
		<Unit filename="draw.c">
			<Option compilerVar="CC" />
		</Unit>
		<Unit filename="draw.h" />
		<Unit filename="emitter.c">
			<Option compilerVar="CC" />
			<Option virtualFolder="obj/" />
		</Unit>
		<Unit filename="emitter.h">
			<Option virtualFolder="obj/" />
		</Unit>
		<Unit filename="fps.c">
			<Option compilerVar="CC" />
			<Option virtualFolder="function/" />
		</Unit>
		<Unit filename="fps.h" />
		<Unit filename="init.c">
			<Option compilerVar="CC" />
		</Unit>
		<Unit filename="list.c">
			<Option compilerVar="CC" />
			<Option virtualFolder="function/" />
		</Unit>
		<Unit filename="list.h" />
		<Unit filename="loop.c">
			<Option compilerVar="CC" />
		</Unit>
		<Unit filename="main.c">
			<Option compilerVar="CC" />
		</Unit>
		<Unit filename="main.h" />
		<Unit filename="move.c">
			<Option compilerVar="CC" />
			<Option virtualFolder="function/" />
		</Unit>
		<Unit filename="move.h" />
		<Unit filename="obj.h">
			<Option virtualFolder="obj/" />
		</Unit>
		<Unit filename="particle.c">
			<Option compilerVar="CC" />
			<Option virtualFolder="obj/" />
		</Unit>
		<Unit filename="particle.h">
			<Option virtualFolder="obj/" />
		</Unit>
		<Unit filename="sdl.c">
			<Option compilerVar="CC" />
			<Option virtualFolder="function/" />
		</Unit>
		<Unit filename="sdl.h" />
		<Unit filename="siva.c">
			<Option compilerVar="CC" />
			<Option virtualFolder="animation/" />
		</Unit>
		<Unit filename="smoke.c">
			<Option compilerVar="CC" />
			<Option virtualFolder="animation/" />
		</Unit>
		<Unit filename="sun.c">
			<Option compilerVar="CC" />
			<Option virtualFolder="animation/" />
		</Unit>
		<Unit filename="update.c">
			<Option compilerVar="CC" />
		</Unit>
		<Unit filename="update.h" />
		<Unit filename="water.c">
			<Option compilerVar="CC" />
			<Option virtualFolder="animation/" />
		</Unit>
		<Unit filename="wind.c">
			<Option compilerVar="CC" />
			<Option virtualFolder="animation/" />
		</Unit>
		<Extensions>
			<code_completion />
			<envvars />
			<debugger />
			<lib_finder disable_auto="1" />
		</Extensions>
	</Project>
</CodeBlocks_project_file>
